
Microsoft Visual Studio Solution File, Format Version 12.00
# Visual Studio Version 17
VisualStudioVersion = 17.7.34202.233
MinimumVisualStudioVersion = 10.0.40219.1
Project("{FAE04EC0-301F-11D3-BF4B-00C04F79EFBC}") = "ConsoleApp1", "ConsoleApp1\ConsoleApp1.csproj", "{2B9331CB-8767-4286-96C6-0EA4E8AE2997}"
EndProject
Global
	GlobalSection(SolutionConfigurationPlatforms) = preSolution
		Debug|Any CPU = Debug|Any CPU
		Release|Any CPU = Release|Any CPU
	EndGlobalSection
	GlobalSection(ProjectConfigurationPlatforms) = postSolution
		{2B9331CB-8767-4286-96C6-0EA4E8AE2997}.Debug|Any CPU.ActiveCfg = Debug|Any CPU
		{2B9331CB-8767-4286-96C6-0EA4E8AE2997}.Debug|Any CPU.Build.0 = Debug|Any CPU
		{2B9331CB-8767-4286-96C6-0EA4E8AE2997}.Release|Any CPU.ActiveCfg = Release|Any CPU
		{2B9331CB-8767-4286-96C6-0EA4E8AE2997}.Release|Any CPU.Build.0 = Release|Any CPU
	EndGlobalSection
	GlobalSection(SolutionProperties) = preSolution
		HideSolutionNode = FALSE
	EndGlobalSection
	GlobalSection(ExtensibilityGlobals) = postSolution
		SolutionGuid = {49269397-CDCE-4C3B-9833-AAC2B3868964}
	EndGlobalSection
EndGlobal
